
Microsoft Visual Studio Solution File, Format Version 12.00
# Visual Studio Version 16
VisualStudioVersion = 16.0.31409.214
MinimumVisualStudioVersion = 10.0.40219.1
Project("{FAE04EC0-301F-11D3-BF4B-00C04F79EFBC}") = "PaaswordVerifierKata", "PaaswordVerifierKata\PaaswordVerifierKata.csproj", "{E87DE4FF-6C55-4F04-95BC-0EE642C1B38F}"
EndProject
Project("{FAE04EC0-301F-11D3-BF4B-00C04F79EFBC}") = "PasswordVerifierKata_Test", "PasswordVerifierKata_Test\PasswordVerifierKata_Test.csproj", "{EB1202D6-160C-498F-8D0C-FDDC0B4525E2}"
EndProject
Global
	GlobalSection(SolutionConfigurationPlatforms) = preSolution
		Debug|Any CPU = Debug|Any CPU
		Release|Any CPU = Release|Any CPU
	EndGlobalSection
	GlobalSection(ProjectConfigurationPlatforms) = postSolution
		{E87DE4FF-6C55-4F04-95BC-0EE642C1B38F}.Debug|Any CPU.ActiveCfg = Debug|Any CPU
		{E87DE4FF-6C55-4F04-95BC-0EE642C1B38F}.Debug|Any CPU.Build.0 = Debug|Any CPU
		{E87DE4FF-6C55-4F04-95BC-0EE642C1B38F}.Release|Any CPU.ActiveCfg = Release|Any CPU
		{E87DE4FF-6C55-4F04-95BC-0EE642C1B38F}.Release|Any CPU.Build.0 = Release|Any CPU
		{EB1202D6-160C-498F-8D0C-FDDC0B4525E2}.Debug|Any CPU.ActiveCfg = Debug|Any CPU
		{EB1202D6-160C-498F-8D0C-FDDC0B4525E2}.Debug|Any CPU.Build.0 = Debug|Any CPU
		{EB1202D6-160C-498F-8D0C-FDDC0B4525E2}.Release|Any CPU.ActiveCfg = Release|Any CPU
		{EB1202D6-160C-498F-8D0C-FDDC0B4525E2}.Release|Any CPU.Build.0 = Release|Any CPU
	EndGlobalSection
	GlobalSection(SolutionProperties) = preSolution
		HideSolutionNode = FALSE
	EndGlobalSection
	GlobalSection(ExtensibilityGlobals) = postSolution
		SolutionGuid = {1AF06117-5F51-46F0-8130-BABC91B9A3A2}
	EndGlobalSection
EndGlobal
